// !$*UTF8*$!
{
	archiveVersion = 1;
	classes = {
	};
	objectVersion = 46;
	objects = {

/* Begin PBXBuildFile section */
		070E460E5904098B4D463994 /* Pods_SdkIntegrationTests.framework in Frameworks */ = {isa = PBXBuildFile; fileRef = 15ACCA9BE72D63C472DF0804 /* Pods_SdkIntegrationTests.framework */; };
		442A21B3416D90D6F2BCE040 /* CreditCard.swift in Sources */ = {isa = PBXBuildFile; fileRef = 442A2B02C70FEE8BB5F7C758 /* CreditCard.swift */; };
		442A223DF312ED234B929ECF /* Sdk.h in Headers */ = {isa = PBXBuildFile; fileRef = 442A2CBF8AF46C83956B7796 /* Sdk.h */; settings = {ATTRIBUTES = (Public, ); }; };
		442A2360C54DB319419D1232 /* SpreedlySecureOpaqueStringImpl.swift in Sources */ = {isa = PBXBuildFile; fileRef = 442A208D65DE786ACC816F9E /* SpreedlySecureOpaqueStringImpl.swift */; };
		442A2759E4BC22B35E134335 /* Client.swift in Sources */ = {isa = PBXBuildFile; fileRef = 442A2662BE68ED0552C5BE46 /* Client.swift */; };
		442A27963A108ADEB2607311 /* Sdk.framework in Frameworks */ = {isa = PBXBuildFile; fileRef = 442A2615E8F5BEB94C0DD4C8 /* Sdk.framework */; };
		442A286A0A671222E369442C /* SpreedlyClientImpl.swift in Sources */ = {isa = PBXBuildFile; fileRef = 442A2FFB6CFF85B8207B2668 /* SpreedlyClientImpl.swift */; };
		442A2C50F647133D4E48C7FF /* Secrets.swift in Sources */ = {isa = PBXBuildFile; fileRef = 442A21244C58460DB48ED6B3 /* Secrets.swift */; };
		442A2E1EB4A7C7F18EBAB464 /* SecureStringTest.swift in Sources */ = {isa = PBXBuildFile; fileRef = 442A218D2C643E6C4141E9D2 /* SecureStringTest.swift */; };
		836F618EEB78CFB4BDD79D3E /* Pods_Sdk.framework in Frameworks */ = {isa = PBXBuildFile; fileRef = D0EA44E51308DB5F46DF6647 /* Pods_Sdk.framework */; };
		E27A4B5AA7504CDBD640ECA2 /* Pods_SdkTests.framework in Frameworks */ = {isa = PBXBuildFile; fileRef = D60CB34FA44B6CCABD329CF0 /* Pods_SdkTests.framework */; };
		F076C173A9A43B3D981E555A /* ErrorsTests.swift in Sources */ = {isa = PBXBuildFile; fileRef = F076CE8AB1F10B662B8EEA71 /* ErrorsTests.swift */; };
		F076C17732D40C3D0F9A3A9A /* BankAccount.swift in Sources */ = {isa = PBXBuildFile; fileRef = F076CA5A2C430FA2A3E7DD58 /* BankAccount.swift */; };
		F076C3615A8D4D576D1ADBD7 /* Errors.swift in Sources */ = {isa = PBXBuildFile; fileRef = F076C058058850512428A30D /* Errors.swift */; };
		F076C46652FBB0E3F194DC55 /* CreditCardTests.swift in Sources */ = {isa = PBXBuildFile; fileRef = F076C0612AC1EBFC034D3DC8 /* CreditCardTests.swift */; };
		F076C83937EF48B8921DA967 /* Coders.swift in Sources */ = {isa = PBXBuildFile; fileRef = F076CA116CE9AA56F15ABCDF /* Coders.swift */; };
		F076C8DFE215ECEECB1C700C /* BankAccountTests.swift in Sources */ = {isa = PBXBuildFile; fileRef = F076C7C99365328F2BCA318A /* BankAccountTests.swift */; };
		F076C8EDC5CF1C726DAF0AD4 /* SpreedlyClientImplTests.swift in Sources */ = {isa = PBXBuildFile; fileRef = F076C2D409A50DF149533F81 /* SpreedlyClientImplTests.swift */; };
		F076CC40AA0952D6E52623F9 /* Sdk.framework in Frameworks */ = {isa = PBXBuildFile; fileRef = 442A2615E8F5BEB94C0DD4C8 /* Sdk.framework */; };
/* End PBXBuildFile section */

/* Begin PBXContainerItemProxy section */
		442A2B9CDA6349D5BDD0847D /* PBXContainerItemProxy */ = {
			isa = PBXContainerItemProxy;
			containerPortal = 442A2FFF3C8CF6261881A39B /* Project object */;
			proxyType = 1;
			remoteGlobalIDString = 442A2CD52CC6A2C10B2623E8;
			remoteInfo = Sdk;
		};
		F076CFD25CD276C855076715 /* PBXContainerItemProxy */ = {
			isa = PBXContainerItemProxy;
			containerPortal = 442A2FFF3C8CF6261881A39B /* Project object */;
			proxyType = 1;
			remoteGlobalIDString = 442A2CD52CC6A2C10B2623E8;
			remoteInfo = Sdk;
		};
/* End PBXContainerItemProxy section */

/* Begin PBXFileReference section */
		15ACCA9BE72D63C472DF0804 /* Pods_SdkIntegrationTests.framework */ = {isa = PBXFileReference; explicitFileType = wrapper.framework; includeInIndex = 0; path = Pods_SdkIntegrationTests.framework; sourceTree = BUILT_PRODUCTS_DIR; };
		1E4A588229F2C8EE51DB5D7B /* Pods-SdkIntegrationTests.debug.xcconfig */ = {isa = PBXFileReference; includeInIndex = 1; lastKnownFileType = text.xcconfig; name = "Pods-SdkIntegrationTests.debug.xcconfig"; path = "Target Support Files/Pods-SdkIntegrationTests/Pods-SdkIntegrationTests.debug.xcconfig"; sourceTree = "<group>"; };
		3EF790C2006E9AE28A1B58CD /* Pods-SdkTests.debug.xcconfig */ = {isa = PBXFileReference; includeInIndex = 1; lastKnownFileType = text.xcconfig; name = "Pods-SdkTests.debug.xcconfig"; path = "Target Support Files/Pods-SdkTests/Pods-SdkTests.debug.xcconfig"; sourceTree = "<group>"; };
		442A208D65DE786ACC816F9E /* SpreedlySecureOpaqueStringImpl.swift */ = {isa = PBXFileReference; fileEncoding = 4; lastKnownFileType = sourcecode.swift; path = SpreedlySecureOpaqueStringImpl.swift; sourceTree = "<group>"; };
		442A21244C58460DB48ED6B3 /* Secrets.swift */ = {isa = PBXFileReference; fileEncoding = 4; lastKnownFileType = sourcecode.swift; path = Secrets.swift; sourceTree = "<group>"; };
		442A213C18A35388BDA5861C /* Info.plist */ = {isa = PBXFileReference; lastKnownFileType = text.plist.info; path = Info.plist; sourceTree = "<group>"; };
		442A218D2C643E6C4141E9D2 /* SecureStringTest.swift */ = {isa = PBXFileReference; fileEncoding = 4; lastKnownFileType = sourcecode.swift; path = SecureStringTest.swift; sourceTree = "<group>"; };
		442A23A1FD67CFE29666D2C6 /* SdkTests.xctest */ = {isa = PBXFileReference; explicitFileType = wrapper.cfbundle; includeInIndex = 0; path = SdkTests.xctest; sourceTree = BUILT_PRODUCTS_DIR; };
		442A2615E8F5BEB94C0DD4C8 /* Sdk.framework */ = {isa = PBXFileReference; explicitFileType = wrapper.framework; includeInIndex = 0; path = Sdk.framework; sourceTree = BUILT_PRODUCTS_DIR; };
		442A2662BE68ED0552C5BE46 /* Client.swift */ = {isa = PBXFileReference; fileEncoding = 4; lastKnownFileType = sourcecode.swift; path = Client.swift; sourceTree = "<group>"; };
		442A2B02C70FEE8BB5F7C758 /* CreditCard.swift */ = {isa = PBXFileReference; fileEncoding = 4; lastKnownFileType = sourcecode.swift; path = CreditCard.swift; sourceTree = "<group>"; };
		442A2CBF8AF46C83956B7796 /* Sdk.h */ = {isa = PBXFileReference; lastKnownFileType = sourcecode.c.h; path = Sdk.h; sourceTree = "<group>"; };
		442A2E383CD75A0FC593AE72 /* Info.plist */ = {isa = PBXFileReference; lastKnownFileType = text.plist.info; path = Info.plist; sourceTree = "<group>"; };
		442A2FFB6CFF85B8207B2668 /* SpreedlyClientImpl.swift */ = {isa = PBXFileReference; fileEncoding = 4; lastKnownFileType = sourcecode.swift; path = SpreedlyClientImpl.swift; sourceTree = "<group>"; };
		55AD13C8198E0010B13EDC69 /* Pods-SdkTests.release.xcconfig */ = {isa = PBXFileReference; includeInIndex = 1; lastKnownFileType = text.xcconfig; name = "Pods-SdkTests.release.xcconfig"; path = "Target Support Files/Pods-SdkTests/Pods-SdkTests.release.xcconfig"; sourceTree = "<group>"; };
		84CE641520B34BDB7CB4CE4C /* Pods-Sdk.debug.xcconfig */ = {isa = PBXFileReference; includeInIndex = 1; lastKnownFileType = text.xcconfig; name = "Pods-Sdk.debug.xcconfig"; path = "Target Support Files/Pods-Sdk/Pods-Sdk.debug.xcconfig"; sourceTree = "<group>"; };
		D0EA44E51308DB5F46DF6647 /* Pods_Sdk.framework */ = {isa = PBXFileReference; explicitFileType = wrapper.framework; includeInIndex = 0; path = Pods_Sdk.framework; sourceTree = BUILT_PRODUCTS_DIR; };
		D60CB34FA44B6CCABD329CF0 /* Pods_SdkTests.framework */ = {isa = PBXFileReference; explicitFileType = wrapper.framework; includeInIndex = 0; path = Pods_SdkTests.framework; sourceTree = BUILT_PRODUCTS_DIR; };
		D8FE084C040118C3CA93C21E /* Pods-Sdk.release.xcconfig */ = {isa = PBXFileReference; includeInIndex = 1; lastKnownFileType = text.xcconfig; name = "Pods-Sdk.release.xcconfig"; path = "Target Support Files/Pods-Sdk/Pods-Sdk.release.xcconfig"; sourceTree = "<group>"; };
		EE3BD7D4482E90A94A2E77CF /* Pods-SdkIntegrationTests.release.xcconfig */ = {isa = PBXFileReference; includeInIndex = 1; lastKnownFileType = text.xcconfig; name = "Pods-SdkIntegrationTests.release.xcconfig"; path = "Target Support Files/Pods-SdkIntegrationTests/Pods-SdkIntegrationTests.release.xcconfig"; sourceTree = "<group>"; };
		F076C058058850512428A30D /* Errors.swift */ = {isa = PBXFileReference; fileEncoding = 4; lastKnownFileType = sourcecode.swift; path = Errors.swift; sourceTree = "<group>"; };
		F076C0612AC1EBFC034D3DC8 /* CreditCardTests.swift */ = {isa = PBXFileReference; fileEncoding = 4; lastKnownFileType = sourcecode.swift; path = CreditCardTests.swift; sourceTree = "<group>"; };
		F076C13DBF12B3488EFCDE56 /* Info.plist */ = {isa = PBXFileReference; lastKnownFileType = text.plist.info; path = Info.plist; sourceTree = "<group>"; };
		F076C2D409A50DF149533F81 /* SpreedlyClientImplTests.swift */ = {isa = PBXFileReference; fileEncoding = 4; lastKnownFileType = sourcecode.swift; path = SpreedlyClientImplTests.swift; sourceTree = "<group>"; };
		F076C7C99365328F2BCA318A /* BankAccountTests.swift */ = {isa = PBXFileReference; fileEncoding = 4; lastKnownFileType = sourcecode.swift; path = BankAccountTests.swift; sourceTree = "<group>"; };
		F076C7F4D5E58736FA088192 /* SdkIntegrationTests.xctest */ = {isa = PBXFileReference; explicitFileType = wrapper.cfbundle; includeInIndex = 0; path = SdkIntegrationTests.xctest; sourceTree = BUILT_PRODUCTS_DIR; };
		F076CA116CE9AA56F15ABCDF /* Coders.swift */ = {isa = PBXFileReference; fileEncoding = 4; lastKnownFileType = sourcecode.swift; path = Coders.swift; sourceTree = "<group>"; };
		F076CA5A2C430FA2A3E7DD58 /* BankAccount.swift */ = {isa = PBXFileReference; fileEncoding = 4; lastKnownFileType = sourcecode.swift; path = BankAccount.swift; sourceTree = "<group>"; };
		F076CE8AB1F10B662B8EEA71 /* ErrorsTests.swift */ = {isa = PBXFileReference; fileEncoding = 4; lastKnownFileType = sourcecode.swift; path = ErrorsTests.swift; sourceTree = "<group>"; };
/* End PBXFileReference section */

/* Begin PBXFrameworksBuildPhase section */
		442A22734359841B673B10DF /* Frameworks */ = {
			isa = PBXFrameworksBuildPhase;
			buildActionMask = 2147483647;
			files = (
				442A27963A108ADEB2607311 /* Sdk.framework in Frameworks */,
				E27A4B5AA7504CDBD640ECA2 /* Pods_SdkTests.framework in Frameworks */,
			);
			runOnlyForDeploymentPostprocessing = 0;
		};
		442A26F1744BF26616669CB8 /* Frameworks */ = {
			isa = PBXFrameworksBuildPhase;
			buildActionMask = 2147483647;
			files = (
				836F618EEB78CFB4BDD79D3E /* Pods_Sdk.framework in Frameworks */,
			);
			runOnlyForDeploymentPostprocessing = 0;
		};
		F076C82D6AA1997DB0811CFB /* Frameworks */ = {
			isa = PBXFrameworksBuildPhase;
			buildActionMask = 2147483647;
			files = (
				F076CC40AA0952D6E52623F9 /* Sdk.framework in Frameworks */,
				070E460E5904098B4D463994 /* Pods_SdkIntegrationTests.framework in Frameworks */,
			);
			runOnlyForDeploymentPostprocessing = 0;
		};
/* End PBXFrameworksBuildPhase section */

/* Begin PBXGroup section */
		442A2206D806C97B75A00795 /* Products */ = {
			isa = PBXGroup;
			children = (
				442A2615E8F5BEB94C0DD4C8 /* Sdk.framework */,
				442A23A1FD67CFE29666D2C6 /* SdkTests.xctest */,
				F076C7F4D5E58736FA088192 /* SdkIntegrationTests.xctest */,
			);
			name = Products;
			sourceTree = "<group>";
		};
		442A240EC140D34D76A3C73E /* SdkTests */ = {
			isa = PBXGroup;
			children = (
				442A213C18A35388BDA5861C /* Info.plist */,
				442A218D2C643E6C4141E9D2 /* SecureStringTest.swift */,
				F076C7C99365328F2BCA318A /* BankAccountTests.swift */,
				F076C0612AC1EBFC034D3DC8 /* CreditCardTests.swift */,
				F076CE8AB1F10B662B8EEA71 /* ErrorsTests.swift */,
			);
			path = SdkTests;
			sourceTree = "<group>";
		};
		442A2456FEF1D80927880FEB /* Sdk */ = {
			isa = PBXGroup;
			children = (
				442A2E383CD75A0FC593AE72 /* Info.plist */,
				442A2CBF8AF46C83956B7796 /* Sdk.h */,
				442A2B02C70FEE8BB5F7C758 /* CreditCard.swift */,
				442A2662BE68ED0552C5BE46 /* Client.swift */,
				442A2676F741069CFE144943 /* Internal */,
				F076CA5A2C430FA2A3E7DD58 /* BankAccount.swift */,
				F076C058058850512428A30D /* Errors.swift */,
			);
			path = Sdk;
			sourceTree = "<group>";
		};
		442A2676F741069CFE144943 /* Internal */ = {
			isa = PBXGroup;
			children = (
				442A208D65DE786ACC816F9E /* SpreedlySecureOpaqueStringImpl.swift */,
				442A2FFB6CFF85B8207B2668 /* SpreedlyClientImpl.swift */,
				F076CA116CE9AA56F15ABCDF /* Coders.swift */,
			);
			path = Internal;
			sourceTree = "<group>";
		};
		442A2C9E2579470C94B1F3F0 = {
			isa = PBXGroup;
			children = (
				442A2206D806C97B75A00795 /* Products */,
				442A2456FEF1D80927880FEB /* Sdk */,
				442A240EC140D34D76A3C73E /* SdkTests */,
				8FAC8BD86AB9E8CAD63A5EF0 /* Pods */,
				AC0C8852183151056EC70EB9 /* Frameworks */,
				F076C1956F58D46CD96B24BB /* SdkIntegrationTests */,
			);
			sourceTree = "<group>";
		};
		8FAC8BD86AB9E8CAD63A5EF0 /* Pods */ = {
			isa = PBXGroup;
			children = (
				84CE641520B34BDB7CB4CE4C /* Pods-Sdk.debug.xcconfig */,
				D8FE084C040118C3CA93C21E /* Pods-Sdk.release.xcconfig */,
				3EF790C2006E9AE28A1B58CD /* Pods-SdkTests.debug.xcconfig */,
				55AD13C8198E0010B13EDC69 /* Pods-SdkTests.release.xcconfig */,
				1E4A588229F2C8EE51DB5D7B /* Pods-SdkIntegrationTests.debug.xcconfig */,
				EE3BD7D4482E90A94A2E77CF /* Pods-SdkIntegrationTests.release.xcconfig */,
			);
			name = Pods;
			path = Pods;
			sourceTree = "<group>";
		};
		AC0C8852183151056EC70EB9 /* Frameworks */ = {
			isa = PBXGroup;
			children = (
				D0EA44E51308DB5F46DF6647 /* Pods_Sdk.framework */,
				D60CB34FA44B6CCABD329CF0 /* Pods_SdkTests.framework */,
				15ACCA9BE72D63C472DF0804 /* Pods_SdkIntegrationTests.framework */,
			);
			name = Frameworks;
			sourceTree = "<group>";
		};
		F076C1956F58D46CD96B24BB /* SdkIntegrationTests */ = {
			isa = PBXGroup;
			children = (
				F076C13DBF12B3488EFCDE56 /* Info.plist */,
				F076C9783EA29205F1021D9A /* Internal */,
				442A21244C58460DB48ED6B3 /* Secrets.swift */,
			);
			path = SdkIntegrationTests;
			sourceTree = "<group>";
		};
		F076C9783EA29205F1021D9A /* Internal */ = {
			isa = PBXGroup;
			children = (
				F076C2D409A50DF149533F81 /* SpreedlyClientImplTests.swift */,
			);
			path = Internal;
			sourceTree = "<group>";
		};
/* End PBXGroup section */

/* Begin PBXHeadersBuildPhase section */
		442A24EBD75D36D55E8CAEEE /* Headers */ = {
			isa = PBXHeadersBuildPhase;
			buildActionMask = 2147483647;
			files = (
				442A223DF312ED234B929ECF /* Sdk.h in Headers */,
			);
			runOnlyForDeploymentPostprocessing = 0;
		};
/* End PBXHeadersBuildPhase section */

/* Begin PBXNativeTarget section */
		442A245F082E0723AA955F94 /* SdkTests */ = {
			isa = PBXNativeTarget;
			buildConfigurationList = 442A2A58998EEC7E4874B1B6 /* Build configuration list for PBXNativeTarget "SdkTests" */;
			buildPhases = (
				48CECBACD34719A8B19BE1EA /* [CP] Check Pods Manifest.lock */,
				442A2B28B1CE6BDB9FB6A6AC /* Sources */,
				442A22734359841B673B10DF /* Frameworks */,
				442A2BEF2DB34FFD654B47CB /* Resources */,
				128B1896E01A3EEE96E0536E /* [CP] Embed Pods Frameworks */,
			);
			buildRules = (
			);
			dependencies = (
				442A22C4BAA265B7E065C6B2 /* PBXTargetDependency */,
			);
			name = SdkTests;
			productName = SdkTests;
			productReference = 442A23A1FD67CFE29666D2C6 /* SdkTests.xctest */;
			productType = "com.apple.product-type.bundle.unit-test";
		};
		442A2CD52CC6A2C10B2623E8 /* Sdk */ = {
			isa = PBXNativeTarget;
			buildConfigurationList = 442A2E77FE11EB3DCF565A60 /* Build configuration list for PBXNativeTarget "Sdk" */;
			buildPhases = (
				C2C23B61232A610909CEBA4A /* [CP] Check Pods Manifest.lock */,
				442A24EBD75D36D55E8CAEEE /* Headers */,
				442A208AED5CF87B64845ED3 /* Sources */,
				442A26F1744BF26616669CB8 /* Frameworks */,
				442A2EFC8E262C84F56309A3 /* Resources */,
			);
			buildRules = (
			);
			dependencies = (
			);
			name = Sdk;
			productName = Sdk;
			productReference = 442A2615E8F5BEB94C0DD4C8 /* Sdk.framework */;
			productType = "com.apple.product-type.framework";
		};
		F076CF9042A128DEBCC6BDA2 /* SdkIntegrationTests */ = {
			isa = PBXNativeTarget;
			buildConfigurationList = F076CB5759897D1A7F8925AC /* Build configuration list for PBXNativeTarget "SdkIntegrationTests" */;
			buildPhases = (
				11ACFF8058D8BBEDA3AE150A /* [CP] Check Pods Manifest.lock */,
				F076CFF997D6ACD474239B76 /* Sources */,
				F076C82D6AA1997DB0811CFB /* Frameworks */,
				F076C4E4A921D74A2AF9A029 /* Resources */,
				F375DA56F0795CE2E6D4A7F8 /* [CP] Embed Pods Frameworks */,
			);
			buildRules = (
			);
			dependencies = (
				F076C82917A686595CA2F8F2 /* PBXTargetDependency */,
			);
			name = SdkIntegrationTests;
			productName = SdkIntegrationTests;
			productReference = F076C7F4D5E58736FA088192 /* SdkIntegrationTests.xctest */;
			productType = "com.apple.product-type.bundle.unit-test";
		};
/* End PBXNativeTarget section */

/* Begin PBXProject section */
		442A2FFF3C8CF6261881A39B /* Project object */ = {
			isa = PBXProject;
			buildConfigurationList = 442A2FF77F802D87317A2B28 /* Build configuration list for PBXProject "SpreedlySdk" */;
			compatibilityVersion = "Xcode 3.2";
			developmentRegion = English;
			hasScannedForEncodings = 0;
			knownRegions = (
				en,
			);
			mainGroup = 442A2C9E2579470C94B1F3F0;
			productRefGroup = 442A2206D806C97B75A00795 /* Products */;
			projectDirPath = "";
			projectRoot = "";
			targets = (
				442A2CD52CC6A2C10B2623E8 /* Sdk */,
				442A245F082E0723AA955F94 /* SdkTests */,
				F076CF9042A128DEBCC6BDA2 /* SdkIntegrationTests */,
			);
		};
/* End PBXProject section */

/* Begin PBXResourcesBuildPhase section */
		442A2BEF2DB34FFD654B47CB /* Resources */ = {
			isa = PBXResourcesBuildPhase;
			buildActionMask = 2147483647;
			files = (
			);
			runOnlyForDeploymentPostprocessing = 0;
		};
		442A2EFC8E262C84F56309A3 /* Resources */ = {
			isa = PBXResourcesBuildPhase;
			buildActionMask = 2147483647;
			files = (
			);
			runOnlyForDeploymentPostprocessing = 0;
		};
		F076C4E4A921D74A2AF9A029 /* Resources */ = {
			isa = PBXResourcesBuildPhase;
			buildActionMask = 2147483647;
			files = (
			);
			runOnlyForDeploymentPostprocessing = 0;
		};
/* End PBXResourcesBuildPhase section */

/* Begin PBXShellScriptBuildPhase section */
		11ACFF8058D8BBEDA3AE150A /* [CP] Check Pods Manifest.lock */ = {
			isa = PBXShellScriptBuildPhase;
			buildActionMask = 2147483647;
			files = (
			);
			inputFileListPaths = (
			);
			inputPaths = (
				"${PODS_PODFILE_DIR_PATH}/Podfile.lock",
				"${PODS_ROOT}/Manifest.lock",
			);
			name = "[CP] Check Pods Manifest.lock";
			outputFileListPaths = (
			);
			outputPaths = (
				"$(DERIVED_FILE_DIR)/Pods-SdkIntegrationTests-checkManifestLockResult.txt",
			);
			runOnlyForDeploymentPostprocessing = 0;
			shellPath = /bin/sh;
			shellScript = "diff \"${PODS_PODFILE_DIR_PATH}/Podfile.lock\" \"${PODS_ROOT}/Manifest.lock\" > /dev/null\nif [ $? != 0 ] ; then\n    # print error to STDERR\n    echo \"error: The sandbox is not in sync with the Podfile.lock. Run 'pod install' or update your CocoaPods installation.\" >&2\n    exit 1\nfi\n# This output is used by Xcode 'outputs' to avoid re-running this script phase.\necho \"SUCCESS\" > \"${SCRIPT_OUTPUT_FILE_0}\"\n";
			showEnvVarsInLog = 0;
		};
		128B1896E01A3EEE96E0536E /* [CP] Embed Pods Frameworks */ = {
			isa = PBXShellScriptBuildPhase;
			buildActionMask = 2147483647;
			files = (
			);
			inputPaths = (
				"${PODS_ROOT}/Target Support Files/Pods-SdkTests/Pods-SdkTests-frameworks.sh",
				"${BUILT_PRODUCTS_DIR}/RxCocoa/RxCocoa.framework",
				"${BUILT_PRODUCTS_DIR}/RxRelay/RxRelay.framework",
				"${BUILT_PRODUCTS_DIR}/RxSwift/RxSwift.framework",
				"${BUILT_PRODUCTS_DIR}/RxBlocking/RxBlocking.framework",
				"${BUILT_PRODUCTS_DIR}/RxTest/RxTest.framework",
			);
			name = "[CP] Embed Pods Frameworks";
			outputPaths = (
				"${TARGET_BUILD_DIR}/${FRAMEWORKS_FOLDER_PATH}/RxCocoa.framework",
				"${TARGET_BUILD_DIR}/${FRAMEWORKS_FOLDER_PATH}/RxRelay.framework",
				"${TARGET_BUILD_DIR}/${FRAMEWORKS_FOLDER_PATH}/RxSwift.framework",
				"${TARGET_BUILD_DIR}/${FRAMEWORKS_FOLDER_PATH}/RxBlocking.framework",
				"${TARGET_BUILD_DIR}/${FRAMEWORKS_FOLDER_PATH}/RxTest.framework",
			);
			runOnlyForDeploymentPostprocessing = 0;
			shellPath = /bin/sh;
			shellScript = "\"${PODS_ROOT}/Target Support Files/Pods-SdkTests/Pods-SdkTests-frameworks.sh\"\n";
			showEnvVarsInLog = 0;
		};
		48CECBACD34719A8B19BE1EA /* [CP] Check Pods Manifest.lock */ = {
			isa = PBXShellScriptBuildPhase;
			buildActionMask = 2147483647;
			files = (
			);
			inputFileListPaths = (
			);
			inputPaths = (
				"${PODS_PODFILE_DIR_PATH}/Podfile.lock",
				"${PODS_ROOT}/Manifest.lock",
			);
			name = "[CP] Check Pods Manifest.lock";
			outputFileListPaths = (
			);
			outputPaths = (
				"$(DERIVED_FILE_DIR)/Pods-SdkTests-checkManifestLockResult.txt",
			);
			runOnlyForDeploymentPostprocessing = 0;
			shellPath = /bin/sh;
			shellScript = "diff \"${PODS_PODFILE_DIR_PATH}/Podfile.lock\" \"${PODS_ROOT}/Manifest.lock\" > /dev/null\nif [ $? != 0 ] ; then\n    # print error to STDERR\n    echo \"error: The sandbox is not in sync with the Podfile.lock. Run 'pod install' or update your CocoaPods installation.\" >&2\n    exit 1\nfi\n# This output is used by Xcode 'outputs' to avoid re-running this script phase.\necho \"SUCCESS\" > \"${SCRIPT_OUTPUT_FILE_0}\"\n";
			showEnvVarsInLog = 0;
		};
		C2C23B61232A610909CEBA4A /* [CP] Check Pods Manifest.lock */ = {
			isa = PBXShellScriptBuildPhase;
			buildActionMask = 2147483647;
			files = (
			);
			inputFileListPaths = (
			);
			inputPaths = (
				"${PODS_PODFILE_DIR_PATH}/Podfile.lock",
				"${PODS_ROOT}/Manifest.lock",
			);
			name = "[CP] Check Pods Manifest.lock";
			outputFileListPaths = (
			);
			outputPaths = (
				"$(DERIVED_FILE_DIR)/Pods-Sdk-checkManifestLockResult.txt",
			);
			runOnlyForDeploymentPostprocessing = 0;
			shellPath = /bin/sh;
			shellScript = "diff \"${PODS_PODFILE_DIR_PATH}/Podfile.lock\" \"${PODS_ROOT}/Manifest.lock\" > /dev/null\nif [ $? != 0 ] ; then\n    # print error to STDERR\n    echo \"error: The sandbox is not in sync with the Podfile.lock. Run 'pod install' or update your CocoaPods installation.\" >&2\n    exit 1\nfi\n# This output is used by Xcode 'outputs' to avoid re-running this script phase.\necho \"SUCCESS\" > \"${SCRIPT_OUTPUT_FILE_0}\"\n";
			showEnvVarsInLog = 0;
		};
		F375DA56F0795CE2E6D4A7F8 /* [CP] Embed Pods Frameworks */ = {
			isa = PBXShellScriptBuildPhase;
			buildActionMask = 2147483647;
			files = (
			);
			inputPaths = (
				"${PODS_ROOT}/Target Support Files/Pods-SdkIntegrationTests/Pods-SdkIntegrationTests-frameworks.sh",
				"${BUILT_PRODUCTS_DIR}/RxCocoa/RxCocoa.framework",
				"${BUILT_PRODUCTS_DIR}/RxRelay/RxRelay.framework",
				"${BUILT_PRODUCTS_DIR}/RxSwift/RxSwift.framework",
				"${BUILT_PRODUCTS_DIR}/RxBlocking/RxBlocking.framework",
				"${BUILT_PRODUCTS_DIR}/RxTest/RxTest.framework",
			);
			name = "[CP] Embed Pods Frameworks";
			outputPaths = (
				"${TARGET_BUILD_DIR}/${FRAMEWORKS_FOLDER_PATH}/RxCocoa.framework",
				"${TARGET_BUILD_DIR}/${FRAMEWORKS_FOLDER_PATH}/RxRelay.framework",
				"${TARGET_BUILD_DIR}/${FRAMEWORKS_FOLDER_PATH}/RxSwift.framework",
				"${TARGET_BUILD_DIR}/${FRAMEWORKS_FOLDER_PATH}/RxBlocking.framework",
				"${TARGET_BUILD_DIR}/${FRAMEWORKS_FOLDER_PATH}/RxTest.framework",
			);
			runOnlyForDeploymentPostprocessing = 0;
			shellPath = /bin/sh;
			shellScript = "\"${PODS_ROOT}/Target Support Files/Pods-SdkIntegrationTests/Pods-SdkIntegrationTests-frameworks.sh\"\n";
			showEnvVarsInLog = 0;
		};
/* End PBXShellScriptBuildPhase section */

/* Begin PBXSourcesBuildPhase section */
		442A208AED5CF87B64845ED3 /* Sources */ = {
			isa = PBXSourcesBuildPhase;
			buildActionMask = 2147483647;
			files = (
				442A21B3416D90D6F2BCE040 /* CreditCard.swift in Sources */,
				442A2759E4BC22B35E134335 /* Client.swift in Sources */,
				442A2360C54DB319419D1232 /* SpreedlySecureOpaqueStringImpl.swift in Sources */,
				442A286A0A671222E369442C /* SpreedlyClientImpl.swift in Sources */,
				F076C17732D40C3D0F9A3A9A /* BankAccount.swift in Sources */,
				F076C83937EF48B8921DA967 /* Coders.swift in Sources */,
				F076C3615A8D4D576D1ADBD7 /* Errors.swift in Sources */,
			);
			runOnlyForDeploymentPostprocessing = 0;
		};
		442A2B28B1CE6BDB9FB6A6AC /* Sources */ = {
			isa = PBXSourcesBuildPhase;
			buildActionMask = 2147483647;
			files = (
				442A2E1EB4A7C7F18EBAB464 /* SecureStringTest.swift in Sources */,
				F076C8DFE215ECEECB1C700C /* BankAccountTests.swift in Sources */,
				F076C46652FBB0E3F194DC55 /* CreditCardTests.swift in Sources */,
				F076C173A9A43B3D981E555A /* ErrorsTests.swift in Sources */,
			);
			runOnlyForDeploymentPostprocessing = 0;
		};
		F076CFF997D6ACD474239B76 /* Sources */ = {
			isa = PBXSourcesBuildPhase;
			buildActionMask = 2147483647;
			files = (
				F076C8EDC5CF1C726DAF0AD4 /* SpreedlyClientImplTests.swift in Sources */,
				442A2C50F647133D4E48C7FF /* Secrets.swift in Sources */,
			);
			runOnlyForDeploymentPostprocessing = 0;
		};
/* End PBXSourcesBuildPhase section */

/* Begin PBXTargetDependency section */
		442A22C4BAA265B7E065C6B2 /* PBXTargetDependency */ = {
			isa = PBXTargetDependency;
			target = 442A2CD52CC6A2C10B2623E8 /* Sdk */;
			targetProxy = 442A2B9CDA6349D5BDD0847D /* PBXContainerItemProxy */;
		};
		F076C82917A686595CA2F8F2 /* PBXTargetDependency */ = {
			isa = PBXTargetDependency;
			target = 442A2CD52CC6A2C10B2623E8 /* Sdk */;
			targetProxy = F076CFD25CD276C855076715 /* PBXContainerItemProxy */;
		};
/* End PBXTargetDependency section */

/* Begin XCBuildConfiguration section */
		442A21DC6AF1B72D7A6CA8B3 /* Release */ = {
			isa = XCBuildConfiguration;
			baseConfigurationReference = D8FE084C040118C3CA93C21E /* Pods-Sdk.release.xcconfig */;
			buildSettings = {
				ALWAYS_SEARCH_USER_PATHS = NO;
				CLANG_ANALYZER_NONNULL = YES;
				CLANG_ANALYZER_NUMBER_OBJECT_CONVERSION = YES_AGGRESSIVE;
				CLANG_CXX_LANGUAGE_STANDARD = "gnu++14";
				CLANG_CXX_LIBRARY = "libc++";
				CLANG_ENABLE_MODULES = YES;
				CLANG_ENABLE_OBJC_ARC = YES;
				CLANG_ENABLE_OBJC_WEAK = YES;
				CLANG_WARN_BLOCK_CAPTURE_AUTORELEASING = YES;
				CLANG_WARN_BOOL_CONVERSION = YES;
				CLANG_WARN_COMMA = YES;
				CLANG_WARN_CONSTANT_CONVERSION = YES;
				CLANG_WARN_DEPRECATED_OBJC_IMPLEMENTATIONS = YES;
				CLANG_WARN_DIRECT_OBJC_ISA_USAGE = YES_ERROR;
				CLANG_WARN_DOCUMENTATION_COMMENTS = YES;
				CLANG_WARN_EMPTY_BODY = YES;
				CLANG_WARN_ENUM_CONVERSION = YES;
				CLANG_WARN_INFINITE_RECURSION = YES;
				CLANG_WARN_INT_CONVERSION = YES;
				CLANG_WARN_NON_LITERAL_NULL_CONVERSION = YES;
				CLANG_WARN_OBJC_IMPLICIT_RETAIN_SELF = YES;
				CLANG_WARN_OBJC_LITERAL_CONVERSION = YES;
				CLANG_WARN_OBJC_ROOT_CLASS = YES_ERROR;
				CLANG_WARN_RANGE_LOOP_ANALYSIS = YES;
				CLANG_WARN_STRICT_PROTOTYPES = YES;
				CLANG_WARN_SUSPICIOUS_MOVE = YES;
				CLANG_WARN_UNGUARDED_AVAILABILITY = YES_AGGRESSIVE;
				CLANG_WARN_UNREACHABLE_CODE = YES;
				CLANG_WARN__DUPLICATE_METHOD_MATCH = YES;
				COPY_PHASE_STRIP = NO;
				CURRENT_PROJECT_VERSION = 1;
				DEBUG_INFORMATION_FORMAT = "dwarf-with-dsym";
				DEFINES_MODULE = YES;
				DYLIB_COMPATIBILITY_VERSION = 1;
				DYLIB_CURRENT_VERSION = 1;
				DYLIB_INSTALL_NAME_BASE = "@rpath";
				ENABLE_NS_ASSERTIONS = NO;
				ENABLE_STRICT_OBJC_MSGSEND = YES;
				GCC_C_LANGUAGE_STANDARD = gnu11;
				GCC_NO_COMMON_BLOCKS = YES;
				GCC_WARN_64_TO_32_BIT_CONVERSION = YES;
				GCC_WARN_ABOUT_RETURN_TYPE = YES_ERROR;
				GCC_WARN_UNDECLARED_SELECTOR = YES;
				GCC_WARN_UNINITIALIZED_AUTOS = YES_AGGRESSIVE;
				GCC_WARN_UNUSED_FUNCTION = YES;
				GCC_WARN_UNUSED_VARIABLE = YES;
				INFOPLIST_FILE = Sdk/Info.plist;
				INSTALL_PATH = "$(LOCAL_LIBRARY_DIR)/Frameworks";
				IPHONEOS_DEPLOYMENT_TARGET = 13.2;
				LD_RUNPATH_SEARCH_PATHS = "$(inherited) @executable_path/Frameworks @loader_path/Frameworks";
				MTL_ENABLE_DEBUG_INFO = NO;
				MTL_FAST_MATH = YES;
				PRODUCT_BUNDLE_IDENTIFIER = com.Spreedly.Sdk;
				PRODUCT_NAME = "$(TARGET_NAME:c99extidentifier)";
				SDKROOT = iphoneos;
				SKIP_INSTALL = YES;
				SWIFT_COMPILATION_MODE = wholemodule;
				SWIFT_OPTIMIZATION_LEVEL = "-O";
				SWIFT_VERSION = 5.0;
				TARGETED_DEVICE_FAMILY = "1,2";
				VALIDATE_PRODUCT = YES;
				VERSIONING_SYSTEM = "apple-generic";
				VERSION_INFO_PREFIX = "";
			};
			name = Release;
		};
		442A23FA1958CC1851A18079 /* Release */ = {
			isa = XCBuildConfiguration;
			buildSettings = {
				VALID_ARCHS = "armv7 armv7s arm64 arm64e";
			};
			name = Release;
		};
		442A24C655492DBEBD24B71E /* Debug */ = {
			isa = XCBuildConfiguration;
			baseConfigurationReference = 84CE641520B34BDB7CB4CE4C /* Pods-Sdk.debug.xcconfig */;
			buildSettings = {
				ALWAYS_SEARCH_USER_PATHS = NO;
				CLANG_ANALYZER_NONNULL = YES;
				CLANG_ANALYZER_NUMBER_OBJECT_CONVERSION = YES_AGGRESSIVE;
				CLANG_CXX_LANGUAGE_STANDARD = "gnu++14";
				CLANG_CXX_LIBRARY = "libc++";
				CLANG_ENABLE_MODULES = YES;
				CLANG_ENABLE_OBJC_ARC = YES;
				CLANG_ENABLE_OBJC_WEAK = YES;
				CLANG_WARN_BLOCK_CAPTURE_AUTORELEASING = YES;
				CLANG_WARN_BOOL_CONVERSION = YES;
				CLANG_WARN_COMMA = YES;
				CLANG_WARN_CONSTANT_CONVERSION = YES;
				CLANG_WARN_DEPRECATED_OBJC_IMPLEMENTATIONS = YES;
				CLANG_WARN_DIRECT_OBJC_ISA_USAGE = YES_ERROR;
				CLANG_WARN_DOCUMENTATION_COMMENTS = YES;
				CLANG_WARN_EMPTY_BODY = YES;
				CLANG_WARN_ENUM_CONVERSION = YES;
				CLANG_WARN_INFINITE_RECURSION = YES;
				CLANG_WARN_INT_CONVERSION = YES;
				CLANG_WARN_NON_LITERAL_NULL_CONVERSION = YES;
				CLANG_WARN_OBJC_IMPLICIT_RETAIN_SELF = YES;
				CLANG_WARN_OBJC_LITERAL_CONVERSION = YES;
				CLANG_WARN_OBJC_ROOT_CLASS = YES_ERROR;
				CLANG_WARN_RANGE_LOOP_ANALYSIS = YES;
				CLANG_WARN_STRICT_PROTOTYPES = YES;
				CLANG_WARN_SUSPICIOUS_MOVE = YES;
				CLANG_WARN_UNGUARDED_AVAILABILITY = YES_AGGRESSIVE;
				CLANG_WARN_UNREACHABLE_CODE = YES;
				CLANG_WARN__DUPLICATE_METHOD_MATCH = YES;
				COPY_PHASE_STRIP = NO;
				CURRENT_PROJECT_VERSION = 1;
				DEBUG_INFORMATION_FORMAT = dwarf;
				DEFINES_MODULE = YES;
				DYLIB_COMPATIBILITY_VERSION = 1;
				DYLIB_CURRENT_VERSION = 1;
				DYLIB_INSTALL_NAME_BASE = "@rpath";
				ENABLE_STRICT_OBJC_MSGSEND = YES;
				ENABLE_TESTABILITY = YES;
				GCC_C_LANGUAGE_STANDARD = gnu11;
				GCC_DYNAMIC_NO_PIC = NO;
				GCC_NO_COMMON_BLOCKS = YES;
				GCC_OPTIMIZATION_LEVEL = 0;
				GCC_PREPROCESSOR_DEFINITIONS = (
					"DEBUG=1",
					"$(inherited)",
				);
				GCC_WARN_64_TO_32_BIT_CONVERSION = YES;
				GCC_WARN_ABOUT_RETURN_TYPE = YES_ERROR;
				GCC_WARN_UNDECLARED_SELECTOR = YES;
				GCC_WARN_UNINITIALIZED_AUTOS = YES_AGGRESSIVE;
				GCC_WARN_UNUSED_FUNCTION = YES;
				GCC_WARN_UNUSED_VARIABLE = YES;
				INFOPLIST_FILE = Sdk/Info.plist;
				INSTALL_PATH = "$(LOCAL_LIBRARY_DIR)/Frameworks";
				IPHONEOS_DEPLOYMENT_TARGET = 13.2;
				LD_RUNPATH_SEARCH_PATHS = "$(inherited) @executable_path/Frameworks @loader_path/Frameworks";
				MTL_ENABLE_DEBUG_INFO = INCLUDE_SOURCE;
				MTL_FAST_MATH = YES;
				ONLY_ACTIVE_ARCH = YES;
				PRODUCT_BUNDLE_IDENTIFIER = com.Spreedly.Sdk;
				PRODUCT_NAME = "$(TARGET_NAME:c99extidentifier)";
				SDKROOT = iphoneos;
				SKIP_INSTALL = YES;
				SWIFT_ACTIVE_COMPILATION_CONDITIONS = DEBUG;
				SWIFT_OPTIMIZATION_LEVEL = "-Onone";
				SWIFT_VERSION = 5.0;
				TARGETED_DEVICE_FAMILY = "1,2";
				VERSIONING_SYSTEM = "apple-generic";
				VERSION_INFO_PREFIX = "";
			};
			name = Debug;
		};
		442A29F4BD05970BAB9D7793 /* Debug */ = {
			isa = XCBuildConfiguration;
			baseConfigurationReference = 3EF790C2006E9AE28A1B58CD /* Pods-SdkTests.debug.xcconfig */;
			buildSettings = {
				ALWAYS_SEARCH_USER_PATHS = NO;
				CLANG_ANALYZER_NONNULL = YES;
				CLANG_ANALYZER_NUMBER_OBJECT_CONVERSION = YES_AGGRESSIVE;
				CLANG_CXX_LANGUAGE_STANDARD = "gnu++14";
				CLANG_CXX_LIBRARY = "libc++";
				CLANG_ENABLE_MODULES = YES;
				CLANG_ENABLE_OBJC_ARC = YES;
				CLANG_ENABLE_OBJC_WEAK = YES;
				CLANG_WARN_BLOCK_CAPTURE_AUTORELEASING = YES;
				CLANG_WARN_BOOL_CONVERSION = YES;
				CLANG_WARN_COMMA = YES;
				CLANG_WARN_CONSTANT_CONVERSION = YES;
				CLANG_WARN_DEPRECATED_OBJC_IMPLEMENTATIONS = YES;
				CLANG_WARN_DIRECT_OBJC_ISA_USAGE = YES_ERROR;
				CLANG_WARN_DOCUMENTATION_COMMENTS = YES;
				CLANG_WARN_EMPTY_BODY = YES;
				CLANG_WARN_ENUM_CONVERSION = YES;
				CLANG_WARN_INFINITE_RECURSION = YES;
				CLANG_WARN_INT_CONVERSION = YES;
				CLANG_WARN_NON_LITERAL_NULL_CONVERSION = YES;
				CLANG_WARN_OBJC_IMPLICIT_RETAIN_SELF = YES;
				CLANG_WARN_OBJC_LITERAL_CONVERSION = YES;
				CLANG_WARN_OBJC_ROOT_CLASS = YES_ERROR;
				CLANG_WARN_RANGE_LOOP_ANALYSIS = YES;
				CLANG_WARN_STRICT_PROTOTYPES = YES;
				CLANG_WARN_SUSPICIOUS_MOVE = YES;
				CLANG_WARN_UNGUARDED_AVAILABILITY = YES_AGGRESSIVE;
				CLANG_WARN_UNREACHABLE_CODE = YES;
				CLANG_WARN__DUPLICATE_METHOD_MATCH = YES;
				COPY_PHASE_STRIP = NO;
				DEBUG_INFORMATION_FORMAT = dwarf;
				ENABLE_STRICT_OBJC_MSGSEND = YES;
				ENABLE_TESTABILITY = YES;
				GCC_C_LANGUAGE_STANDARD = gnu11;
				GCC_DYNAMIC_NO_PIC = NO;
				GCC_NO_COMMON_BLOCKS = YES;
				GCC_OPTIMIZATION_LEVEL = 0;
				GCC_PREPROCESSOR_DEFINITIONS = (
					"DEBUG=1",
					"$(inherited)",
				);
				GCC_WARN_64_TO_32_BIT_CONVERSION = YES;
				GCC_WARN_ABOUT_RETURN_TYPE = YES_ERROR;
				GCC_WARN_UNDECLARED_SELECTOR = YES;
				GCC_WARN_UNINITIALIZED_AUTOS = YES_AGGRESSIVE;
				GCC_WARN_UNUSED_FUNCTION = YES;
				GCC_WARN_UNUSED_VARIABLE = YES;
				INFOPLIST_FILE = SdkTests/Info.plist;
				IPHONEOS_DEPLOYMENT_TARGET = 13.2;
				LD_RUNPATH_SEARCH_PATHS = "$(inherited) @executable_path/Frameworks @loader_path/Frameworks";
				MTL_ENABLE_DEBUG_INFO = INCLUDE_SOURCE;
				MTL_FAST_MATH = YES;
				ONLY_ACTIVE_ARCH = YES;
				PRODUCT_BUNDLE_IDENTIFIER = com.Spreedly.SdkTests;
				PRODUCT_NAME = "$(TARGET_NAME)";
				SDKROOT = iphoneos;
				SWIFT_ACTIVE_COMPILATION_CONDITIONS = DEBUG;
				SWIFT_OPTIMIZATION_LEVEL = "-Onone";
				SWIFT_VERSION = 5.0;
				TARGETED_DEVICE_FAMILY = "1,2";
			};
			name = Debug;
		};
		442A2D17EDFC7C7324DEC900 /* Debug */ = {
			isa = XCBuildConfiguration;
			buildSettings = {
				VALID_ARCHS = "armv7 armv7s arm64 arm64e";
			};
			name = Debug;
		};
		442A2FC9F31920EF83B1F700 /* Release */ = {
			isa = XCBuildConfiguration;
			baseConfigurationReference = 55AD13C8198E0010B13EDC69 /* Pods-SdkTests.release.xcconfig */;
			buildSettings = {
				ALWAYS_SEARCH_USER_PATHS = NO;
				CLANG_ANALYZER_NONNULL = YES;
				CLANG_ANALYZER_NUMBER_OBJECT_CONVERSION = YES_AGGRESSIVE;
				CLANG_CXX_LANGUAGE_STANDARD = "gnu++14";
				CLANG_CXX_LIBRARY = "libc++";
				CLANG_ENABLE_MODULES = YES;
				CLANG_ENABLE_OBJC_ARC = YES;
				CLANG_ENABLE_OBJC_WEAK = YES;
				CLANG_WARN_BLOCK_CAPTURE_AUTORELEASING = YES;
				CLANG_WARN_BOOL_CONVERSION = YES;
				CLANG_WARN_COMMA = YES;
				CLANG_WARN_CONSTANT_CONVERSION = YES;
				CLANG_WARN_DEPRECATED_OBJC_IMPLEMENTATIONS = YES;
				CLANG_WARN_DIRECT_OBJC_ISA_USAGE = YES_ERROR;
				CLANG_WARN_DOCUMENTATION_COMMENTS = YES;
				CLANG_WARN_EMPTY_BODY = YES;
				CLANG_WARN_ENUM_CONVERSION = YES;
				CLANG_WARN_INFINITE_RECURSION = YES;
				CLANG_WARN_INT_CONVERSION = YES;
				CLANG_WARN_NON_LITERAL_NULL_CONVERSION = YES;
				CLANG_WARN_OBJC_IMPLICIT_RETAIN_SELF = YES;
				CLANG_WARN_OBJC_LITERAL_CONVERSION = YES;
				CLANG_WARN_OBJC_ROOT_CLASS = YES_ERROR;
				CLANG_WARN_RANGE_LOOP_ANALYSIS = YES;
				CLANG_WARN_STRICT_PROTOTYPES = YES;
				CLANG_WARN_SUSPICIOUS_MOVE = YES;
				CLANG_WARN_UNGUARDED_AVAILABILITY = YES_AGGRESSIVE;
				CLANG_WARN_UNREACHABLE_CODE = YES;
				CLANG_WARN__DUPLICATE_METHOD_MATCH = YES;
				COPY_PHASE_STRIP = NO;
				DEBUG_INFORMATION_FORMAT = "dwarf-with-dsym";
				ENABLE_NS_ASSERTIONS = NO;
				ENABLE_STRICT_OBJC_MSGSEND = YES;
				GCC_C_LANGUAGE_STANDARD = gnu11;
				GCC_NO_COMMON_BLOCKS = YES;
				GCC_WARN_64_TO_32_BIT_CONVERSION = YES;
				GCC_WARN_ABOUT_RETURN_TYPE = YES_ERROR;
				GCC_WARN_UNDECLARED_SELECTOR = YES;
				GCC_WARN_UNINITIALIZED_AUTOS = YES_AGGRESSIVE;
				GCC_WARN_UNUSED_FUNCTION = YES;
				GCC_WARN_UNUSED_VARIABLE = YES;
				INFOPLIST_FILE = SdkTests/Info.plist;
				IPHONEOS_DEPLOYMENT_TARGET = 13.2;
				LD_RUNPATH_SEARCH_PATHS = "$(inherited) @executable_path/Frameworks @loader_path/Frameworks";
				MTL_ENABLE_DEBUG_INFO = NO;
				MTL_FAST_MATH = YES;
				PRODUCT_BUNDLE_IDENTIFIER = com.Spreedly.SdkTests;
				PRODUCT_NAME = "$(TARGET_NAME)";
				SDKROOT = iphoneos;
				SWIFT_COMPILATION_MODE = wholemodule;
				SWIFT_OPTIMIZATION_LEVEL = "-O";
				SWIFT_VERSION = 5.0;
				TARGETED_DEVICE_FAMILY = "1,2";
				VALIDATE_PRODUCT = YES;
			};
			name = Release;
		};
		F076C73062F1B837C0F1E91D /* Debug */ = {
			isa = XCBuildConfiguration;
			baseConfigurationReference = 1E4A588229F2C8EE51DB5D7B /* Pods-SdkIntegrationTests.debug.xcconfig */;
			buildSettings = {
				ALWAYS_SEARCH_USER_PATHS = NO;
				CLANG_ANALYZER_NONNULL = YES;
				CLANG_ANALYZER_NUMBER_OBJECT_CONVERSION = YES_AGGRESSIVE;
				CLANG_CXX_LANGUAGE_STANDARD = "gnu++14";
				CLANG_CXX_LIBRARY = "libc++";
				CLANG_ENABLE_MODULES = YES;
				CLANG_ENABLE_OBJC_ARC = YES;
				CLANG_ENABLE_OBJC_WEAK = YES;
				CLANG_WARN_BLOCK_CAPTURE_AUTORELEASING = YES;
				CLANG_WARN_BOOL_CONVERSION = YES;
				CLANG_WARN_COMMA = YES;
				CLANG_WARN_CONSTANT_CONVERSION = YES;
				CLANG_WARN_DEPRECATED_OBJC_IMPLEMENTATIONS = YES;
				CLANG_WARN_DIRECT_OBJC_ISA_USAGE = YES_ERROR;
				CLANG_WARN_DOCUMENTATION_COMMENTS = YES;
				CLANG_WARN_EMPTY_BODY = YES;
				CLANG_WARN_ENUM_CONVERSION = YES;
				CLANG_WARN_INFINITE_RECURSION = YES;
				CLANG_WARN_INT_CONVERSION = YES;
				CLANG_WARN_NON_LITERAL_NULL_CONVERSION = YES;
				CLANG_WARN_OBJC_IMPLICIT_RETAIN_SELF = YES;
				CLANG_WARN_OBJC_LITERAL_CONVERSION = YES;
				CLANG_WARN_OBJC_ROOT_CLASS = YES_ERROR;
				CLANG_WARN_RANGE_LOOP_ANALYSIS = YES;
				CLANG_WARN_STRICT_PROTOTYPES = YES;
				CLANG_WARN_SUSPICIOUS_MOVE = YES;
				CLANG_WARN_UNGUARDED_AVAILABILITY = YES_AGGRESSIVE;
				CLANG_WARN_UNREACHABLE_CODE = YES;
				CLANG_WARN__DUPLICATE_METHOD_MATCH = YES;
				COPY_PHASE_STRIP = NO;
				DEBUG_INFORMATION_FORMAT = dwarf;
				ENABLE_STRICT_OBJC_MSGSEND = YES;
				ENABLE_TESTABILITY = YES;
				GCC_C_LANGUAGE_STANDARD = gnu11;
				GCC_DYNAMIC_NO_PIC = NO;
				GCC_NO_COMMON_BLOCKS = YES;
				GCC_OPTIMIZATION_LEVEL = 0;
				GCC_PREPROCESSOR_DEFINITIONS = (
					"DEBUG=1",
					"$(inherited)",
				);
				GCC_WARN_64_TO_32_BIT_CONVERSION = YES;
				GCC_WARN_ABOUT_RETURN_TYPE = YES_ERROR;
				GCC_WARN_UNDECLARED_SELECTOR = YES;
				GCC_WARN_UNINITIALIZED_AUTOS = YES_AGGRESSIVE;
				GCC_WARN_UNUSED_FUNCTION = YES;
				GCC_WARN_UNUSED_VARIABLE = YES;
				INFOPLIST_FILE = SdkIntegrationTests/Info.plist;
				IPHONEOS_DEPLOYMENT_TARGET = 13.4;
				LD_RUNPATH_SEARCH_PATHS = "$(inherited) @executable_path/Frameworks @loader_path/Frameworks";
				MTL_ENABLE_DEBUG_INFO = INCLUDE_SOURCE;
				MTL_FAST_MATH = YES;
				ONLY_ACTIVE_ARCH = YES;
				PRODUCT_BUNDLE_IDENTIFIER = com.spreedly.SdkIntegrationTests;
				PRODUCT_NAME = "$(TARGET_NAME)";
				SDKROOT = iphoneos;
				SWIFT_ACTIVE_COMPILATION_CONDITIONS = DEBUG;
				SWIFT_OPTIMIZATION_LEVEL = "-Onone";
				SWIFT_VERSION = 5.0;
				TARGETED_DEVICE_FAMILY = "1,2";
			};
			name = Debug;
		};
		F076CC1C007F48612813AC46 /* Release */ = {
			isa = XCBuildConfiguration;
			baseConfigurationReference = EE3BD7D4482E90A94A2E77CF /* Pods-SdkIntegrationTests.release.xcconfig */;
			buildSettings = {
				ALWAYS_SEARCH_USER_PATHS = NO;
				CLANG_ANALYZER_NONNULL = YES;
				CLANG_ANALYZER_NUMBER_OBJECT_CONVERSION = YES_AGGRESSIVE;
				CLANG_CXX_LANGUAGE_STANDARD = "gnu++14";
				CLANG_CXX_LIBRARY = "libc++";
				CLANG_ENABLE_MODULES = YES;
				CLANG_ENABLE_OBJC_ARC = YES;
				CLANG_ENABLE_OBJC_WEAK = YES;
				CLANG_WARN_BLOCK_CAPTURE_AUTORELEASING = YES;
				CLANG_WARN_BOOL_CONVERSION = YES;
				CLANG_WARN_COMMA = YES;
				CLANG_WARN_CONSTANT_CONVERSION = YES;
				CLANG_WARN_DEPRECATED_OBJC_IMPLEMENTATIONS = YES;
				CLANG_WARN_DIRECT_OBJC_ISA_USAGE = YES_ERROR;
				CLANG_WARN_DOCUMENTATION_COMMENTS = YES;
				CLANG_WARN_EMPTY_BODY = YES;
				CLANG_WARN_ENUM_CONVERSION = YES;
				CLANG_WARN_INFINITE_RECURSION = YES;
				CLANG_WARN_INT_CONVERSION = YES;
				CLANG_WARN_NON_LITERAL_NULL_CONVERSION = YES;
				CLANG_WARN_OBJC_IMPLICIT_RETAIN_SELF = YES;
				CLANG_WARN_OBJC_LITERAL_CONVERSION = YES;
				CLANG_WARN_OBJC_ROOT_CLASS = YES_ERROR;
				CLANG_WARN_RANGE_LOOP_ANALYSIS = YES;
				CLANG_WARN_STRICT_PROTOTYPES = YES;
				CLANG_WARN_SUSPICIOUS_MOVE = YES;
				CLANG_WARN_UNGUARDED_AVAILABILITY = YES_AGGRESSIVE;
				CLANG_WARN_UNREACHABLE_CODE = YES;
				CLANG_WARN__DUPLICATE_METHOD_MATCH = YES;
				COPY_PHASE_STRIP = NO;
				DEBUG_INFORMATION_FORMAT = "dwarf-with-dsym";
				ENABLE_NS_ASSERTIONS = NO;
				ENABLE_STRICT_OBJC_MSGSEND = YES;
				GCC_C_LANGUAGE_STANDARD = gnu11;
				GCC_NO_COMMON_BLOCKS = YES;
				GCC_WARN_64_TO_32_BIT_CONVERSION = YES;
				GCC_WARN_ABOUT_RETURN_TYPE = YES_ERROR;
				GCC_WARN_UNDECLARED_SELECTOR = YES;
				GCC_WARN_UNINITIALIZED_AUTOS = YES_AGGRESSIVE;
				GCC_WARN_UNUSED_FUNCTION = YES;
				GCC_WARN_UNUSED_VARIABLE = YES;
				INFOPLIST_FILE = SdkIntegrationTests/Info.plist;
				IPHONEOS_DEPLOYMENT_TARGET = 13.4;
				LD_RUNPATH_SEARCH_PATHS = "$(inherited) @executable_path/Frameworks @loader_path/Frameworks";
				MTL_ENABLE_DEBUG_INFO = NO;
				MTL_FAST_MATH = YES;
				PRODUCT_BUNDLE_IDENTIFIER = com.spreedly.SdkIntegrationTests;
				PRODUCT_NAME = "$(TARGET_NAME)";
				SDKROOT = iphoneos;
				SWIFT_COMPILATION_MODE = wholemodule;
				SWIFT_OPTIMIZATION_LEVEL = "-O";
				SWIFT_VERSION = 5.0;
				TARGETED_DEVICE_FAMILY = "1,2";
				VALIDATE_PRODUCT = YES;
			};
			name = Release;
		};
/* End XCBuildConfiguration section */

/* Begin XCConfigurationList section */
		442A2A58998EEC7E4874B1B6 /* Build configuration list for PBXNativeTarget "SdkTests" */ = {
			isa = XCConfigurationList;
			buildConfigurations = (
				442A29F4BD05970BAB9D7793 /* Debug */,
				442A2FC9F31920EF83B1F700 /* Release */,
			);
			defaultConfigurationIsVisible = 0;
		};
		442A2E77FE11EB3DCF565A60 /* Build configuration list for PBXNativeTarget "Sdk" */ = {
			isa = XCConfigurationList;
			buildConfigurations = (
				442A24C655492DBEBD24B71E /* Debug */,
				442A21DC6AF1B72D7A6CA8B3 /* Release */,
			);
			defaultConfigurationIsVisible = 0;
		};
		442A2FF77F802D87317A2B28 /* Build configuration list for PBXProject "SpreedlySdk" */ = {
			isa = XCConfigurationList;
			buildConfigurations = (
				442A2D17EDFC7C7324DEC900 /* Debug */,
				442A23FA1958CC1851A18079 /* Release */,
			);
			defaultConfigurationIsVisible = 0;
			defaultConfigurationName = Release;
		};
		F076CB5759897D1A7F8925AC /* Build configuration list for PBXNativeTarget "SdkIntegrationTests" */ = {
			isa = XCConfigurationList;
			buildConfigurations = (
				F076C73062F1B837C0F1E91D /* Debug */,
				F076CC1C007F48612813AC46 /* Release */,
			);
			defaultConfigurationIsVisible = 0;
		};
/* End XCConfigurationList section */
	};
	rootObject = 442A2FFF3C8CF6261881A39B /* Project object */;
}
